// !$*UTF8*$!
{
	archiveVersion = 1;
	classes = {
	};
	objectVersion = 55;
	objects = {

/* Begin PBXBuildFile section */
		D3074A3C28915A6900062B45 /* LinkerApp.swift in Sources */ = {isa = PBXBuildFile; fileRef = D3074A3B28915A6900062B45 /* LinkerApp.swift */; };
		D3074A3E28915A6900062B45 /* ContentView.swift in Sources */ = {isa = PBXBuildFile; fileRef = D3074A3D28915A6900062B45 /* ContentView.swift */; };
		D3074A4028915A6B00062B45 /* Assets.xcassets in Resources */ = {isa = PBXBuildFile; fileRef = D3074A3F28915A6B00062B45 /* Assets.xcassets */; };
		D3074A4D28915A6B00062B45 /* LinkerTests.swift in Sources */ = {isa = PBXBuildFile; fileRef = D3074A4C28915A6B00062B45 /* LinkerTests.swift */; };
		D378A0B8289170B10052D312 /* MainView.swift in Sources */ = {isa = PBXBuildFile; fileRef = D378A0B7289170B10052D312 /* MainView.swift */; };
		D3DC755028916A6B00A74663 /* AuthServiceManager.swift in Sources */ = {isa = PBXBuildFile; fileRef = D3DC754F28916A6B00A74663 /* AuthServiceManager.swift */; };
		D3E8EE7728915B0C0063C2D3 /* LinkView.swift in Sources */ = {isa = PBXBuildFile; fileRef = D3E8EE7628915B0C0063C2D3 /* LinkView.swift */; };
		D3E8EE7A289163C80063C2D3 /* FirebaseAnalyticsSwift in Frameworks */ = {isa = PBXBuildFile; productRef = D3E8EE79289163C80063C2D3 /* FirebaseAnalyticsSwift */; };
		D3E8EE7C289163C80063C2D3 /* FirebaseAuth in Frameworks */ = {isa = PBXBuildFile; productRef = D3E8EE7B289163C80063C2D3 /* FirebaseAuth */; };
		D3E8EE82289163C80063C2D3 /* FirebaseFirestoreSwift in Frameworks */ = {isa = PBXBuildFile; productRef = D3E8EE81289163C80063C2D3 /* FirebaseFirestoreSwift */; };
		D3E8EE84289163C80063C2D3 /* FirebaseStorage in Frameworks */ = {isa = PBXBuildFile; productRef = D3E8EE83289163C80063C2D3 /* FirebaseStorage */; };
		D3E8EE8A2891646F0063C2D3 /* GoogleService-Info.plist in Resources */ = {isa = PBXBuildFile; fileRef = D3E8EE892891646F0063C2D3 /* GoogleService-Info.plist */; };
		D3E8EE8C289164E30063C2D3 /* AppDelegate.swift in Sources */ = {isa = PBXBuildFile; fileRef = D3E8EE8B289164E30063C2D3 /* AppDelegate.swift */; };
		D3E8EE8F2891661B0063C2D3 /* AuthService.swift in Sources */ = {isa = PBXBuildFile; fileRef = D3E8EE8E2891661B0063C2D3 /* AuthService.swift */; };
		D3E8EE92289166920063C2D3 /* MockedAuthService.swift in Sources */ = {isa = PBXBuildFile; fileRef = D3E8EE91289166920063C2D3 /* MockedAuthService.swift */; };
		D3E8EE952891684B0063C2D3 /* AuthView.swift in Sources */ = {isa = PBXBuildFile; fileRef = D3E8EE942891684B0063C2D3 /* AuthView.swift */; };
		D3FFAFB428929F5E00EB22F4 /* MainAuthService.swift in Sources */ = {isa = PBXBuildFile; fileRef = D3FFAFB328929F5E00EB22F4 /* MainAuthService.swift */; };
		D3FFAFB62892A1BB00EB22F4 /* AuthUser.swift in Sources */ = {isa = PBXBuildFile; fileRef = D3FFAFB52892A1BB00EB22F4 /* AuthUser.swift */; };
/* End PBXBuildFile section */

/* Begin PBXContainerItemProxy section */
		D3074A4928915A6B00062B45 /* PBXContainerItemProxy */ = {
			isa = PBXContainerItemProxy;
			containerPortal = D3074A3028915A6900062B45 /* Project object */;
			proxyType = 1;
			remoteGlobalIDString = D3074A3728915A6900062B45;
			remoteInfo = Linker;
		};
/* End PBXContainerItemProxy section */

/* Begin PBXFileReference section */
		D3074A3828915A6900062B45 /* Linker.app */ = {isa = PBXFileReference; explicitFileType = wrapper.application; includeInIndex = 0; path = Linker.app; sourceTree = BUILT_PRODUCTS_DIR; };
		D3074A3B28915A6900062B45 /* LinkerApp.swift */ = {isa = PBXFileReference; lastKnownFileType = sourcecode.swift; path = LinkerApp.swift; sourceTree = "<group>"; };
		D3074A3D28915A6900062B45 /* ContentView.swift */ = {isa = PBXFileReference; lastKnownFileType = sourcecode.swift; path = ContentView.swift; sourceTree = "<group>"; };
		D3074A3F28915A6B00062B45 /* Assets.xcassets */ = {isa = PBXFileReference; lastKnownFileType = folder.assetcatalog; path = Assets.xcassets; sourceTree = "<group>"; };
		D3074A4828915A6B00062B45 /* LinkerTests.xctest */ = {isa = PBXFileReference; explicitFileType = wrapper.cfbundle; includeInIndex = 0; path = LinkerTests.xctest; sourceTree = BUILT_PRODUCTS_DIR; };
		D3074A4C28915A6B00062B45 /* LinkerTests.swift */ = {isa = PBXFileReference; lastKnownFileType = sourcecode.swift; path = LinkerTests.swift; sourceTree = "<group>"; };
		D378A0B7289170B10052D312 /* MainView.swift */ = {isa = PBXFileReference; lastKnownFileType = sourcecode.swift; path = MainView.swift; sourceTree = "<group>"; };
		D3DC754D289168FB00A74663 /* README.md */ = {isa = PBXFileReference; lastKnownFileType = net.daringfireball.markdown; path = README.md; sourceTree = "<group>"; };
		D3DC754F28916A6B00A74663 /* AuthServiceManager.swift */ = {isa = PBXFileReference; lastKnownFileType = sourcecode.swift; path = AuthServiceManager.swift; sourceTree = "<group>"; };
		D3E8EE7628915B0C0063C2D3 /* LinkView.swift */ = {isa = PBXFileReference; lastKnownFileType = sourcecode.swift; path = LinkView.swift; sourceTree = "<group>"; };
		D3E8EE892891646F0063C2D3 /* GoogleService-Info.plist */ = {isa = PBXFileReference; fileEncoding = 4; lastKnownFileType = text.plist.xml; path = "GoogleService-Info.plist"; sourceTree = "<group>"; };
		D3E8EE8B289164E30063C2D3 /* AppDelegate.swift */ = {isa = PBXFileReference; lastKnownFileType = sourcecode.swift; path = AppDelegate.swift; sourceTree = "<group>"; };
		D3E8EE8E2891661B0063C2D3 /* AuthService.swift */ = {isa = PBXFileReference; lastKnownFileType = sourcecode.swift; path = AuthService.swift; sourceTree = "<group>"; };
		D3E8EE91289166920063C2D3 /* MockedAuthService.swift */ = {isa = PBXFileReference; lastKnownFileType = sourcecode.swift; path = MockedAuthService.swift; sourceTree = "<group>"; };
		D3E8EE942891684B0063C2D3 /* AuthView.swift */ = {isa = PBXFileReference; lastKnownFileType = sourcecode.swift; path = AuthView.swift; sourceTree = "<group>"; };
		D3FFAFB328929F5E00EB22F4 /* MainAuthService.swift */ = {isa = PBXFileReference; fileEncoding = 4; lastKnownFileType = sourcecode.swift; path = MainAuthService.swift; sourceTree = "<group>"; };
		D3FFAFB52892A1BB00EB22F4 /* AuthUser.swift */ = {isa = PBXFileReference; lastKnownFileType = sourcecode.swift; path = AuthUser.swift; sourceTree = "<group>"; };
/* End PBXFileReference section */

/* Begin PBXFrameworksBuildPhase section */
		D3074A3528915A6900062B45 /* Frameworks */ = {
			isa = PBXFrameworksBuildPhase;
			buildActionMask = 2147483647;
			files = (
				D3E8EE82289163C80063C2D3 /* FirebaseFirestoreSwift in Frameworks */,
				D3E8EE7A289163C80063C2D3 /* FirebaseAnalyticsSwift in Frameworks */,
				D3E8EE7C289163C80063C2D3 /* FirebaseAuth in Frameworks */,
				D3E8EE84289163C80063C2D3 /* FirebaseStorage in Frameworks */,
			);
			runOnlyForDeploymentPostprocessing = 0;
		};
		D3074A4528915A6B00062B45 /* Frameworks */ = {
			isa = PBXFrameworksBuildPhase;
			buildActionMask = 2147483647;
			files = (
			);
			runOnlyForDeploymentPostprocessing = 0;
		};
/* End PBXFrameworksBuildPhase section */

/* Begin PBXGroup section */
		D3074A2F28915A6900062B45 = {
			isa = PBXGroup;
			children = (
				D3DC754D289168FB00A74663 /* README.md */,
				D3074A3A28915A6900062B45 /* Linker */,
				D3074A4B28915A6B00062B45 /* LinkerTests */,
				D3074A3928915A6900062B45 /* Products */,
			);
			sourceTree = "<group>";
		};
		D3074A3928915A6900062B45 /* Products */ = {
			isa = PBXGroup;
			children = (
				D3074A3828915A6900062B45 /* Linker.app */,
				D3074A4828915A6B00062B45 /* LinkerTests.xctest */,
			);
			name = Products;
			sourceTree = "<group>";
		};
		D3074A3A28915A6900062B45 /* Linker */ = {
			isa = PBXGroup;
			children = (
				D3E8EE88289164350063C2D3 /* Resources */,
				D3E8EE872891642E0063C2D3 /* Sources */,
			);
			path = Linker;
			sourceTree = "<group>";
		};
		D3074A4B28915A6B00062B45 /* LinkerTests */ = {
			isa = PBXGroup;
			children = (
				D3074A4C28915A6B00062B45 /* LinkerTests.swift */,
			);
			path = LinkerTests;
			sourceTree = "<group>";
		};
		D378A0B6289170A60052D312 /* Main */ = {
			isa = PBXGroup;
			children = (
				D378A0B7289170B10052D312 /* MainView.swift */,
			);
			path = Main;
			sourceTree = "<group>";
		};
		D3E8EE7428915AF40063C2D3 /* Views */ = {
			isa = PBXGroup;
			children = (
				D3074A3D28915A6900062B45 /* ContentView.swift */,
				D378A0B6289170A60052D312 /* Main */,
				D3E8EE93289168430063C2D3 /* Auth */,
				D3E8EE7528915AFA0063C2D3 /* Link */,
			);
			path = Views;
			sourceTree = "<group>";
		};
		D3E8EE7528915AFA0063C2D3 /* Link */ = {
			isa = PBXGroup;
			children = (
				D3E8EE7628915B0C0063C2D3 /* LinkView.swift */,
			);
			path = Link;
			sourceTree = "<group>";
		};
		D3E8EE872891642E0063C2D3 /* Sources */ = {
			isa = PBXGroup;
			children = (
				D3074A3B28915A6900062B45 /* LinkerApp.swift */,
				D3E8EE8B289164E30063C2D3 /* AppDelegate.swift */,
				D3E8EE8D289165FD0063C2D3 /* Services */,
				D3E8EE7428915AF40063C2D3 /* Views */,
			);
			path = Sources;
			sourceTree = "<group>";
		};
		D3E8EE88289164350063C2D3 /* Resources */ = {
			isa = PBXGroup;
			children = (
				D3E8EE892891646F0063C2D3 /* GoogleService-Info.plist */,
				D3074A3F28915A6B00062B45 /* Assets.xcassets */,
			);
			path = Resources;
			sourceTree = "<group>";
		};
		D3E8EE8D289165FD0063C2D3 /* Services */ = {
			isa = PBXGroup;
			children = (
				D3E8EE90289166230063C2D3 /* Auth */,
			);
			path = Services;
			sourceTree = "<group>";
		};
		D3E8EE90289166230063C2D3 /* Auth */ = {
			isa = PBXGroup;
			children = (
				D3E8EE8E2891661B0063C2D3 /* AuthService.swift */,
				D3DC754F28916A6B00A74663 /* AuthServiceManager.swift */,
				D3FFAFB328929F5E00EB22F4 /* MainAuthService.swift */,
				D3E8EE91289166920063C2D3 /* MockedAuthService.swift */,
				D3FFAFB52892A1BB00EB22F4 /* AuthUser.swift */,
			);
			path = Auth;
			sourceTree = "<group>";
		};
		D3E8EE93289168430063C2D3 /* Auth */ = {
			isa = PBXGroup;
			children = (
				D3E8EE942891684B0063C2D3 /* AuthView.swift */,
			);
			path = Auth;
			sourceTree = "<group>";
		};
/* End PBXGroup section */

/* Begin PBXNativeTarget section */
		D3074A3728915A6900062B45 /* Linker */ = {
			isa = PBXNativeTarget;
			buildConfigurationList = D3074A5C28915A6B00062B45 /* Build configuration list for PBXNativeTarget "Linker" */;
			buildPhases = (
				D3074A3428915A6900062B45 /* Sources */,
				D3074A3528915A6900062B45 /* Frameworks */,
				D3074A3628915A6900062B45 /* Resources */,
			);
			buildRules = (
			);
			dependencies = (
			);
			name = Linker;
			packageProductDependencies = (
				D3E8EE79289163C80063C2D3 /* FirebaseAnalyticsSwift */,
				D3E8EE7B289163C80063C2D3 /* FirebaseAuth */,
				D3E8EE81289163C80063C2D3 /* FirebaseFirestoreSwift */,
				D3E8EE83289163C80063C2D3 /* FirebaseStorage */,
			);
			productName = Linker;
			productReference = D3074A3828915A6900062B45 /* Linker.app */;
			productType = "com.apple.product-type.application";
		};
		D3074A4728915A6B00062B45 /* LinkerTests */ = {
			isa = PBXNativeTarget;
			buildConfigurationList = D3074A5F28915A6B00062B45 /* Build configuration list for PBXNativeTarget "LinkerTests" */;
			buildPhases = (
				D3074A4428915A6B00062B45 /* Sources */,
				D3074A4528915A6B00062B45 /* Frameworks */,
				D3074A4628915A6B00062B45 /* Resources */,
			);
			buildRules = (
			);
			dependencies = (
				D3074A4A28915A6B00062B45 /* PBXTargetDependency */,
			);
			name = LinkerTests;
			productName = LinkerTests;
			productReference = D3074A4828915A6B00062B45 /* LinkerTests.xctest */;
			productType = "com.apple.product-type.bundle.unit-test";
		};
/* End PBXNativeTarget section */

/* Begin PBXProject section */
		D3074A3028915A6900062B45 /* Project object */ = {
			isa = PBXProject;
			attributes = {
				BuildIndependentTargetsInParallel = 1;
				LastSwiftUpdateCheck = 1340;
				LastUpgradeCheck = 1340;
				TargetAttributes = {
					D3074A3728915A6900062B45 = {
						CreatedOnToolsVersion = 13.4.1;
					};
					D3074A4728915A6B00062B45 = {
						CreatedOnToolsVersion = 13.4.1;
						TestTargetID = D3074A3728915A6900062B45;
					};
				};
			};
			buildConfigurationList = D3074A3328915A6900062B45 /* Build configuration list for PBXProject "Linker" */;
			compatibilityVersion = "Xcode 13.0";
			developmentRegion = en;
			hasScannedForEncodings = 0;
			knownRegions = (
				en,
				Base,
			);
			mainGroup = D3074A2F28915A6900062B45;
			packageReferences = (
				D3E8EE78289163C80063C2D3 /* XCRemoteSwiftPackageReference "firebase-ios-sdk" */,
			);
			productRefGroup = D3074A3928915A6900062B45 /* Products */;
			projectDirPath = "";
			projectRoot = "";
			targets = (
				D3074A3728915A6900062B45 /* Linker */,
				D3074A4728915A6B00062B45 /* LinkerTests */,
			);
		};
/* End PBXProject section */

/* Begin PBXResourcesBuildPhase section */
		D3074A3628915A6900062B45 /* Resources */ = {
			isa = PBXResourcesBuildPhase;
			buildActionMask = 2147483647;
			files = (
				D3074A4028915A6B00062B45 /* Assets.xcassets in Resources */,
				D3E8EE8A2891646F0063C2D3 /* GoogleService-Info.plist in Resources */,
			);
			runOnlyForDeploymentPostprocessing = 0;
		};
		D3074A4628915A6B00062B45 /* Resources */ = {
			isa = PBXResourcesBuildPhase;
			buildActionMask = 2147483647;
			files = (
			);
			runOnlyForDeploymentPostprocessing = 0;
		};
/* End PBXResourcesBuildPhase section */

/* Begin PBXSourcesBuildPhase section */
		D3074A3428915A6900062B45 /* Sources */ = {
			isa = PBXSourcesBuildPhase;
			buildActionMask = 2147483647;
			files = (
				D3FFAFB428929F5E00EB22F4 /* MainAuthService.swift in Sources */,
				D3E8EE952891684B0063C2D3 /* AuthView.swift in Sources */,
				D378A0B8289170B10052D312 /* MainView.swift in Sources */,
				D3DC755028916A6B00A74663 /* AuthServiceManager.swift in Sources */,
				D3E8EE8C289164E30063C2D3 /* AppDelegate.swift in Sources */,
				D3074A3E28915A6900062B45 /* ContentView.swift in Sources */,
				D3E8EE7728915B0C0063C2D3 /* LinkView.swift in Sources */,
				D3074A3C28915A6900062B45 /* LinkerApp.swift in Sources */,
				D3E8EE92289166920063C2D3 /* MockedAuthService.swift in Sources */,
				D3E8EE8F2891661B0063C2D3 /* AuthService.swift in Sources */,
				D3FFAFB62892A1BB00EB22F4 /* AuthUser.swift in Sources */,
			);
			runOnlyForDeploymentPostprocessing = 0;
		};
		D3074A4428915A6B00062B45 /* Sources */ = {
			isa = PBXSourcesBuildPhase;
			buildActionMask = 2147483647;
			files = (
				D3074A4D28915A6B00062B45 /* LinkerTests.swift in Sources */,
			);
			runOnlyForDeploymentPostprocessing = 0;
		};
/* End PBXSourcesBuildPhase section */

/* Begin PBXTargetDependency section */
		D3074A4A28915A6B00062B45 /* PBXTargetDependency */ = {
			isa = PBXTargetDependency;
			target = D3074A3728915A6900062B45 /* Linker */;
			targetProxy = D3074A4928915A6B00062B45 /* PBXContainerItemProxy */;
		};
/* End PBXTargetDependency section */

/* Begin XCBuildConfiguration section */
		D3074A5A28915A6B00062B45 /* Debug */ = {
			isa = XCBuildConfiguration;
			buildSettings = {
				ALWAYS_SEARCH_USER_PATHS = NO;
				CLANG_ANALYZER_NONNULL = YES;
				CLANG_ANALYZER_NUMBER_OBJECT_CONVERSION = YES_AGGRESSIVE;
				CLANG_CXX_LANGUAGE_STANDARD = "gnu++17";
				CLANG_ENABLE_MODULES = YES;
				CLANG_ENABLE_OBJC_ARC = YES;
				CLANG_ENABLE_OBJC_WEAK = YES;
				CLANG_WARN_BLOCK_CAPTURE_AUTORELEASING = YES;
				CLANG_WARN_BOOL_CONVERSION = YES;
				CLANG_WARN_COMMA = YES;
				CLANG_WARN_CONSTANT_CONVERSION = YES;
				CLANG_WARN_DEPRECATED_OBJC_IMPLEMENTATIONS = YES;
				CLANG_WARN_DIRECT_OBJC_ISA_USAGE = YES_ERROR;
				CLANG_WARN_DOCUMENTATION_COMMENTS = YES;
				CLANG_WARN_EMPTY_BODY = YES;
				CLANG_WARN_ENUM_CONVERSION = YES;
				CLANG_WARN_INFINITE_RECURSION = YES;
				CLANG_WARN_INT_CONVERSION = YES;
				CLANG_WARN_NON_LITERAL_NULL_CONVERSION = YES;
				CLANG_WARN_OBJC_IMPLICIT_RETAIN_SELF = YES;
				CLANG_WARN_OBJC_LITERAL_CONVERSION = YES;
				CLANG_WARN_OBJC_ROOT_CLASS = YES_ERROR;
				CLANG_WARN_QUOTED_INCLUDE_IN_FRAMEWORK_HEADER = YES;
				CLANG_WARN_RANGE_LOOP_ANALYSIS = YES;
				CLANG_WARN_STRICT_PROTOTYPES = YES;
				CLANG_WARN_SUSPICIOUS_MOVE = YES;
				CLANG_WARN_UNGUARDED_AVAILABILITY = YES_AGGRESSIVE;
				CLANG_WARN_UNREACHABLE_CODE = YES;
				CLANG_WARN__DUPLICATE_METHOD_MATCH = YES;
				COPY_PHASE_STRIP = NO;
				DEBUG_INFORMATION_FORMAT = dwarf;
				ENABLE_STRICT_OBJC_MSGSEND = YES;
				ENABLE_TESTABILITY = YES;
				GCC_C_LANGUAGE_STANDARD = gnu11;
				GCC_DYNAMIC_NO_PIC = NO;
				GCC_NO_COMMON_BLOCKS = YES;
				GCC_OPTIMIZATION_LEVEL = 0;
				GCC_PREPROCESSOR_DEFINITIONS = (
					"DEBUG=1",
					"$(inherited)",
				);
				GCC_WARN_64_TO_32_BIT_CONVERSION = YES;
				GCC_WARN_ABOUT_RETURN_TYPE = YES_ERROR;
				GCC_WARN_UNDECLARED_SELECTOR = YES;
				GCC_WARN_UNINITIALIZED_AUTOS = YES_AGGRESSIVE;
				GCC_WARN_UNUSED_FUNCTION = YES;
				GCC_WARN_UNUSED_VARIABLE = YES;
				IPHONEOS_DEPLOYMENT_TARGET = 15.5;
				MTL_ENABLE_DEBUG_INFO = INCLUDE_SOURCE;
				MTL_FAST_MATH = YES;
				ONLY_ACTIVE_ARCH = YES;
				SDKROOT = iphoneos;
				SWIFT_ACTIVE_COMPILATION_CONDITIONS = DEBUG;
				SWIFT_OPTIMIZATION_LEVEL = "-Onone";
			};
			name = Debug;
		};
		D3074A5B28915A6B00062B45 /* Release */ = {
			isa = XCBuildConfiguration;
			buildSettings = {
				ALWAYS_SEARCH_USER_PATHS = NO;
				CLANG_ANALYZER_NONNULL = YES;
				CLANG_ANALYZER_NUMBER_OBJECT_CONVERSION = YES_AGGRESSIVE;
				CLANG_CXX_LANGUAGE_STANDARD = "gnu++17";
				CLANG_ENABLE_MODULES = YES;
				CLANG_ENABLE_OBJC_ARC = YES;
				CLANG_ENABLE_OBJC_WEAK = YES;
				CLANG_WARN_BLOCK_CAPTURE_AUTORELEASING = YES;
				CLANG_WARN_BOOL_CONVERSION = YES;
				CLANG_WARN_COMMA = YES;
				CLANG_WARN_CONSTANT_CONVERSION = YES;
				CLANG_WARN_DEPRECATED_OBJC_IMPLEMENTATIONS = YES;
				CLANG_WARN_DIRECT_OBJC_ISA_USAGE = YES_ERROR;
				CLANG_WARN_DOCUMENTATION_COMMENTS = YES;
				CLANG_WARN_EMPTY_BODY = YES;
				CLANG_WARN_ENUM_CONVERSION = YES;
				CLANG_WARN_INFINITE_RECURSION = YES;
				CLANG_WARN_INT_CONVERSION = YES;
				CLANG_WARN_NON_LITERAL_NULL_CONVERSION = YES;
				CLANG_WARN_OBJC_IMPLICIT_RETAIN_SELF = YES;
				CLANG_WARN_OBJC_LITERAL_CONVERSION = YES;
				CLANG_WARN_OBJC_ROOT_CLASS = YES_ERROR;
				CLANG_WARN_QUOTED_INCLUDE_IN_FRAMEWORK_HEADER = YES;
				CLANG_WARN_RANGE_LOOP_ANALYSIS = YES;
				CLANG_WARN_STRICT_PROTOTYPES = YES;
				CLANG_WARN_SUSPICIOUS_MOVE = YES;
				CLANG_WARN_UNGUARDED_AVAILABILITY = YES_AGGRESSIVE;
				CLANG_WARN_UNREACHABLE_CODE = YES;
				CLANG_WARN__DUPLICATE_METHOD_MATCH = YES;
				COPY_PHASE_STRIP = NO;
				DEBUG_INFORMATION_FORMAT = "dwarf-with-dsym";
				ENABLE_NS_ASSERTIONS = NO;
				ENABLE_STRICT_OBJC_MSGSEND = YES;
				GCC_C_LANGUAGE_STANDARD = gnu11;
				GCC_NO_COMMON_BLOCKS = YES;
				GCC_WARN_64_TO_32_BIT_CONVERSION = YES;
				GCC_WARN_ABOUT_RETURN_TYPE = YES_ERROR;
				GCC_WARN_UNDECLARED_SELECTOR = YES;
				GCC_WARN_UNINITIALIZED_AUTOS = YES_AGGRESSIVE;
				GCC_WARN_UNUSED_FUNCTION = YES;
				GCC_WARN_UNUSED_VARIABLE = YES;
				IPHONEOS_DEPLOYMENT_TARGET = 15.5;
				MTL_ENABLE_DEBUG_INFO = NO;
				MTL_FAST_MATH = YES;
				SDKROOT = iphoneos;
				SWIFT_COMPILATION_MODE = wholemodule;
				SWIFT_OPTIMIZATION_LEVEL = "-O";
				VALIDATE_PRODUCT = YES;
			};
			name = Release;
		};
		D3074A5D28915A6B00062B45 /* Debug */ = {
			isa = XCBuildConfiguration;
			buildSettings = {
				ASSETCATALOG_COMPILER_APPICON_NAME = AppIcon;
				ASSETCATALOG_COMPILER_GLOBAL_ACCENT_COLOR_NAME = AccentColor;
				CODE_SIGN_STYLE = Automatic;
				CURRENT_PROJECT_VERSION = 1;
				DEVELOPMENT_ASSET_PATHS = "";
				DEVELOPMENT_TEAM = 2QHTY6FMW2;
				ENABLE_PREVIEWS = YES;
				GENERATE_INFOPLIST_FILE = YES;
				INFOPLIST_KEY_UIApplicationSceneManifest_Generation = YES;
				INFOPLIST_KEY_UIApplicationSupportsIndirectInputEvents = YES;
				INFOPLIST_KEY_UILaunchScreen_Generation = YES;
				INFOPLIST_KEY_UISupportedInterfaceOrientations = UIInterfaceOrientationPortrait;
				INFOPLIST_KEY_UISupportedInterfaceOrientations_iPad = "UIInterfaceOrientationPortrait UIInterfaceOrientationPortraitUpsideDown UIInterfaceOrientationLandscapeLeft UIInterfaceOrientationLandscapeRight";
				INFOPLIST_KEY_UISupportedInterfaceOrientations_iPhone = "UIInterfaceOrientationPortrait UIInterfaceOrientationLandscapeLeft UIInterfaceOrientationLandscapeRight";
				IPHONEOS_DEPLOYMENT_TARGET = 15.0;
				LD_RUNPATH_SEARCH_PATHS = (
					"$(inherited)",
					"@executable_path/Frameworks",
				);
				MARKETING_VERSION = 1.0.0;
				PRODUCT_BUNDLE_IDENTIFIER = xyz.heestand.linker;
				PRODUCT_NAME = "$(TARGET_NAME)";
				SWIFT_EMIT_LOC_STRINGS = YES;
				SWIFT_VERSION = 5.0;
				TARGETED_DEVICE_FAMILY = 1;
			};
			name = Debug;
		};
		D3074A5E28915A6B00062B45 /* Release */ = {
			isa = XCBuildConfiguration;
			buildSettings = {
				ASSETCATALOG_COMPILER_APPICON_NAME = AppIcon;
				ASSETCATALOG_COMPILER_GLOBAL_ACCENT_COLOR_NAME = AccentColor;
				CODE_SIGN_STYLE = Automatic;
				CURRENT_PROJECT_VERSION = 1;
				DEVELOPMENT_ASSET_PATHS = "";
				DEVELOPMENT_TEAM = 2QHTY6FMW2;
				ENABLE_PREVIEWS = YES;
				GENERATE_INFOPLIST_FILE = YES;
				INFOPLIST_KEY_UIApplicationSceneManifest_Generation = YES;
				INFOPLIST_KEY_UIApplicationSupportsIndirectInputEvents = YES;
				INFOPLIST_KEY_UILaunchScreen_Generation = YES;
				INFOPLIST_KEY_UISupportedInterfaceOrientations = UIInterfaceOrientationPortrait;
				INFOPLIST_KEY_UISupportedInterfaceOrientations_iPad = "UIInterfaceOrientationPortrait UIInterfaceOrientationPortraitUpsideDown UIInterfaceOrientationLandscapeLeft UIInterfaceOrientationLandscapeRight";
				INFOPLIST_KEY_UISupportedInterfaceOrientations_iPhone = "UIInterfaceOrientationPortrait UIInterfaceOrientationLandscapeLeft UIInterfaceOrientationLandscapeRight";
				IPHONEOS_DEPLOYMENT_TARGET = 15.0;
				LD_RUNPATH_SEARCH_PATHS = (
					"$(inherited)",
					"@executable_path/Frameworks",
				);
				MARKETING_VERSION = 1.0.0;
				PRODUCT_BUNDLE_IDENTIFIER = xyz.heestand.linker;
				PRODUCT_NAME = "$(TARGET_NAME)";
				SWIFT_EMIT_LOC_STRINGS = YES;
				SWIFT_VERSION = 5.0;
				TARGETED_DEVICE_FAMILY = 1;
			};
			name = Release;
		};
		D3074A6028915A6B00062B45 /* Debug */ = {
			isa = XCBuildConfiguration;
			buildSettings = {
				ALWAYS_EMBED_SWIFT_STANDARD_LIBRARIES = YES;
				BUNDLE_LOADER = "$(TEST_HOST)";
				CODE_SIGN_STYLE = Automatic;
				CURRENT_PROJECT_VERSION = 1;
				DEVELOPMENT_TEAM = 2QHTY6FMW2;
				GENERATE_INFOPLIST_FILE = YES;
				IPHONEOS_DEPLOYMENT_TARGET = 15.5;
				MARKETING_VERSION = 1.0;
				PRODUCT_BUNDLE_IDENTIFIER = xyz.heestand.LinkerTests;
				PRODUCT_NAME = "$(TARGET_NAME)";
				SWIFT_EMIT_LOC_STRINGS = NO;
				SWIFT_VERSION = 5.0;
				TARGETED_DEVICE_FAMILY = "1,2";
				TEST_HOST = "$(BUILT_PRODUCTS_DIR)/Linker.app/Linker";
			};
			name = Debug;
		};
		D3074A6128915A6B00062B45 /* Release */ = {
			isa = XCBuildConfiguration;
			buildSettings = {
				ALWAYS_EMBED_SWIFT_STANDARD_LIBRARIES = YES;
				BUNDLE_LOADER = "$(TEST_HOST)";
				CODE_SIGN_STYLE = Automatic;
				CURRENT_PROJECT_VERSION = 1;
				DEVELOPMENT_TEAM = 2QHTY6FMW2;
				GENERATE_INFOPLIST_FILE = YES;
				IPHONEOS_DEPLOYMENT_TARGET = 15.5;
				MARKETING_VERSION = 1.0;
				PRODUCT_BUNDLE_IDENTIFIER = xyz.heestand.LinkerTests;
				PRODUCT_NAME = "$(TARGET_NAME)";
				SWIFT_EMIT_LOC_STRINGS = NO;
				SWIFT_VERSION = 5.0;
				TARGETED_DEVICE_FAMILY = "1,2";
				TEST_HOST = "$(BUILT_PRODUCTS_DIR)/Linker.app/Linker";
			};
			name = Release;
		};
/* End XCBuildConfiguration section */

/* Begin XCConfigurationList section */
		D3074A3328915A6900062B45 /* Build configuration list for PBXProject "Linker" */ = {
			isa = XCConfigurationList;
			buildConfigurations = (
				D3074A5A28915A6B00062B45 /* Debug */,
				D3074A5B28915A6B00062B45 /* Release */,
			);
			defaultConfigurationIsVisible = 0;
			defaultConfigurationName = Release;
		};
		D3074A5C28915A6B00062B45 /* Build configuration list for PBXNativeTarget "Linker" */ = {
			isa = XCConfigurationList;
			buildConfigurations = (
				D3074A5D28915A6B00062B45 /* Debug */,
				D3074A5E28915A6B00062B45 /* Release */,
			);
			defaultConfigurationIsVisible = 0;
			defaultConfigurationName = Release;
		};
		D3074A5F28915A6B00062B45 /* Build configuration list for PBXNativeTarget "LinkerTests" */ = {
			isa = XCConfigurationList;
			buildConfigurations = (
				D3074A6028915A6B00062B45 /* Debug */,
				D3074A6128915A6B00062B45 /* Release */,
			);
			defaultConfigurationIsVisible = 0;
			defaultConfigurationName = Release;
		};
/* End XCConfigurationList section */

/* Begin XCRemoteSwiftPackageReference section */
		D3E8EE78289163C80063C2D3 /* XCRemoteSwiftPackageReference "firebase-ios-sdk" */ = {
			isa = XCRemoteSwiftPackageReference;
			repositoryURL = "https://github.com/firebase/firebase-ios-sdk";
			requirement = {
				kind = upToNextMajorVersion;
				minimumVersion = 9.0.0;
			};
		};
/* End XCRemoteSwiftPackageReference section */

/* Begin XCSwiftPackageProductDependency section */
		D3E8EE79289163C80063C2D3 /* FirebaseAnalyticsSwift */ = {
			isa = XCSwiftPackageProductDependency;
			package = D3E8EE78289163C80063C2D3 /* XCRemoteSwiftPackageReference "firebase-ios-sdk" */;
			productName = FirebaseAnalyticsSwift;
		};
		D3E8EE7B289163C80063C2D3 /* FirebaseAuth */ = {
			isa = XCSwiftPackageProductDependency;
			package = D3E8EE78289163C80063C2D3 /* XCRemoteSwiftPackageReference "firebase-ios-sdk" */;
			productName = FirebaseAuth;
		};
		D3E8EE81289163C80063C2D3 /* FirebaseFirestoreSwift */ = {
			isa = XCSwiftPackageProductDependency;
			package = D3E8EE78289163C80063C2D3 /* XCRemoteSwiftPackageReference "firebase-ios-sdk" */;
			productName = FirebaseFirestoreSwift;
		};
		D3E8EE83289163C80063C2D3 /* FirebaseStorage */ = {
			isa = XCSwiftPackageProductDependency;
			package = D3E8EE78289163C80063C2D3 /* XCRemoteSwiftPackageReference "firebase-ios-sdk" */;
			productName = FirebaseStorage;
		};
/* End XCSwiftPackageProductDependency section */
	};
	rootObject = D3074A3028915A6900062B45 /* Project object */;
}
